Microsoft Visual Studio Solution File, Format Version 12.00
# Visual Studio 2012
Project("{FAE04EC0-301F-11D3-BF4B-00C04F79EFBC}") = "UCDD.Infrastructure.Engine", "UCDD.Infrastructure.Engine.csproj", "{143CF410-9AB7-4E06-80BC-CF10854DF53D}"
EndProject
Global
	GlobalSection(SolutionConfigurationPlatforms) = preSolution
	Debug|Any CPU = Debug|Any CPU
	ExportDebug|Any CPU = ExportDebug|Any CPU
	ExportRelease|Any CPU = ExportRelease|Any CPU
	EndGlobalSection
	GlobalSection(ProjectConfigurationPlatforms) = postSolution
		{143CF410-9AB7-4E06-80BC-CF10854DF53D}.Debug|Any CPU.ActiveCfg = Debug|Any CPU
		{143CF410-9AB7-4E06-80BC-CF10854DF53D}.Debug|Any CPU.Build.0 = Debug|Any CPU
		{143CF410-9AB7-4E06-80BC-CF10854DF53D}.ExportDebug|Any CPU.ActiveCfg = ExportDebug|Any CPU
		{143CF410-9AB7-4E06-80BC-CF10854DF53D}.ExportDebug|Any CPU.Build.0 = ExportDebug|Any CPU
		{143CF410-9AB7-4E06-80BC-CF10854DF53D}.ExportRelease|Any CPU.ActiveCfg = ExportRelease|Any CPU
		{143CF410-9AB7-4E06-80BC-CF10854DF53D}.ExportRelease|Any CPU.Build.0 = ExportRelease|Any CPU
	EndGlobalSection
EndGlobal
